
Microsoft Visual Studio Solution File, Format Version 12.00
# Visual Studio Version 16
VisualStudioVersion = 16.0.30309.148
MinimumVisualStudioVersion = 15.0.26124.0
Project("{9A19103F-16F7-4668-BE54-9A1E7A4F7556}") = "Coinbase", "Coinbase\Coinbase.csproj", "{5BDA1A36-931D-45EA-97F8-0A5201EC7CCA}"
EndProject
Project("{F2A71F9B-5D33-465A-A702-920D77279786}") = "Builder", "Builder\Builder.fsproj", "{2E878DDF-5585-48F2-85E0-748579278C9A}"
EndProject
Project("{2150E333-8FDC-42A3-9474-1A3956D46DE8}") = "Solution Items", "Solution Items", "{4C8C9BB6-4BD2-49D6-828A-B55F9F461172}"
	ProjectSection(SolutionItems) = preProject
		..\appveyor.yml = ..\appveyor.yml
		build.cmd = build.cmd
		Directory.Build.props = Directory.Build.props
		..\HISTORY.md = ..\HISTORY.md
		paket.dependencies = paket.dependencies
		..\README.md = ..\README.md
	EndProjectSection
EndProject
Project("{9A19103F-16F7-4668-BE54-9A1E7A4F7556}") = "Examples", "Examples\Examples.csproj", "{47B541CD-F7FE-489F-B0BC-EEE8D6A9A611}"
EndProject
Project("{9A19103F-16F7-4668-BE54-9A1E7A4F7556}") = "Coinbase.Tests", "Coinbase.Tests\Coinbase.Tests.csproj", "{649E4809-DB4E-4590-BD8A-17899CD7A2CA}"
EndProject
Global
	GlobalSection(SolutionConfigurationPlatforms) = preSolution
		Debug|Any CPU = Debug|Any CPU
		Debug|x64 = Debug|x64
		Debug|x86 = Debug|x86
		Release|Any CPU = Release|Any CPU
		Release|x64 = Release|x64
		Release|x86 = Release|x86
	EndGlobalSection
	GlobalSection(ProjectConfigurationPlatforms) = postSolution
		{5BDA1A36-931D-45EA-97F8-0A5201EC7CCA}.Debug|Any CPU.ActiveCfg = Debug|Any CPU
		{5BDA1A36-931D-45EA-97F8-0A5201EC7CCA}.Debug|Any CPU.Build.0 = Debug|Any CPU
		{5BDA1A36-931D-45EA-97F8-0A5201EC7CCA}.Debug|x64.ActiveCfg = Debug|Any CPU
		{5BDA1A36-931D-45EA-97F8-0A5201EC7CCA}.Debug|x64.Build.0 = Debug|Any CPU
		{5BDA1A36-931D-45EA-97F8-0A5201EC7CCA}.Debug|x86.ActiveCfg = Debug|Any CPU
		{5BDA1A36-931D-45EA-97F8-0A5201EC7CCA}.Debug|x86.Build.0 = Debug|Any CPU
		{5BDA1A36-931D-45EA-97F8-0A5201EC7CCA}.Release|Any CPU.ActiveCfg = Release|Any CPU
		{5BDA1A36-931D-45EA-97F8-0A5201EC7CCA}.Release|Any CPU.Build.0 = Release|Any CPU
		{5BDA1A36-931D-45EA-97F8-0A5201EC7CCA}.Release|x64.ActiveCfg = Release|Any CPU
		{5BDA1A36-931D-45EA-97F8-0A5201EC7CCA}.Release|x64.Build.0 = Release|Any CPU
		{5BDA1A36-931D-45EA-97F8-0A5201EC7CCA}.Release|x86.ActiveCfg = Release|Any CPU
		{5BDA1A36-931D-45EA-97F8-0A5201EC7CCA}.Release|x86.Build.0 = Release|Any CPU
		{2E878DDF-5585-48F2-85E0-748579278C9A}.Debug|Any CPU.ActiveCfg = Debug|Any CPU
		{2E878DDF-5585-48F2-85E0-748579278C9A}.Debug|Any CPU.Build.0 = Debug|Any CPU
		{2E878DDF-5585-48F2-85E0-748579278C9A}.Debug|x64.ActiveCfg = Debug|Any CPU
		{2E878DDF-5585-48F2-85E0-748579278C9A}.Debug|x64.Build.0 = Debug|Any CPU
		{2E878DDF-5585-48F2-85E0-748579278C9A}.Debug|x86.ActiveCfg = Debug|Any CPU
		{2E878DDF-5585-48F2-85E0-748579278C9A}.Debug|x86.Build.0 = Debug|Any CPU
		{2E878DDF-5585-48F2-85E0-748579278C9A}.Release|Any CPU.ActiveCfg = Release|Any CPU
		{2E878DDF-5585-48F2-85E0-748579278C9A}.Release|Any CPU.Build.0 = Release|Any CPU
		{2E878DDF-5585-48F2-85E0-748579278C9A}.Release|x64.ActiveCfg = Release|Any CPU
		{2E878DDF-5585-48F2-85E0-748579278C9A}.Release|x64.Build.0 = Release|Any CPU
		{2E878DDF-5585-48F2-85E0-748579278C9A}.Release|x86.ActiveCfg = Release|Any CPU
		{2E878DDF-5585-48F2-85E0-748579278C9A}.Release|x86.Build.0 = Release|Any CPU
		{47B541CD-F7FE-489F-B0BC-EEE8D6A9A611}.Debug|Any CPU.ActiveCfg = Debug|Any CPU
		{47B541CD-F7FE-489F-B0BC-EEE8D6A9A611}.Debug|Any CPU.Build.0 = Debug|Any CPU
		{47B541CD-F7FE-489F-B0BC-EEE8D6A9A611}.Debug|x64.ActiveCfg = Debug|Any CPU
		{47B541CD-F7FE-489F-B0BC-EEE8D6A9A611}.Debug|x64.Build.0 = Debug|Any CPU
		{47B541CD-F7FE-489F-B0BC-EEE8D6A9A611}.Debug|x86.ActiveCfg = Debug|Any CPU
		{47B541CD-F7FE-489F-B0BC-EEE8D6A9A611}.Debug|x86.Build.0 = Debug|Any CPU
		{47B541CD-F7FE-489F-B0BC-EEE8D6A9A611}.Release|Any CPU.ActiveCfg = Release|Any CPU
		{47B541CD-F7FE-489F-B0BC-EEE8D6A9A611}.Release|Any CPU.Build.0 = Release|Any CPU
		{47B541CD-F7FE-489F-B0BC-EEE8D6A9A611}.Release|x64.ActiveCfg = Release|Any CPU
		{47B541CD-F7FE-489F-B0BC-EEE8D6A9A611}.Release|x64.Build.0 = Release|Any CPU
		{47B541CD-F7FE-489F-B0BC-EEE8D6A9A611}.Release|x86.ActiveCfg = Release|Any CPU
		{47B541CD-F7FE-489F-B0BC-EEE8D6A9A611}.Release|x86.Build.0 = Release|Any CPU
		{649E4809-DB4E-4590-BD8A-17899CD7A2CA}.Debug|Any CPU.ActiveCfg = Debug|Any CPU
		{649E4809-DB4E-4590-BD8A-17899CD7A2CA}.Debug|Any CPU.Build.0 = Debug|Any CPU
		{649E4809-DB4E-4590-BD8A-17899CD7A2CA}.Debug|x64.ActiveCfg = Debug|Any CPU
		{649E4809-DB4E-4590-BD8A-17899CD7A2CA}.Debug|x64.Build.0 = Debug|Any CPU
		{649E4809-DB4E-4590-BD8A-17899CD7A2CA}.Debug|x86.ActiveCfg = Debug|Any CPU
		{649E4809-DB4E-4590-BD8A-17899CD7A2CA}.Debug|x86.Build.0 = Debug|Any CPU
		{649E4809-DB4E-4590-BD8A-17899CD7A2CA}.Release|Any CPU.ActiveCfg = Release|Any CPU
		{649E4809-DB4E-4590-BD8A-17899CD7A2CA}.Release|Any CPU.Build.0 = Release|Any CPU
		{649E4809-DB4E-4590-BD8A-17899CD7A2CA}.Release|x64.ActiveCfg = Release|Any CPU
		{649E4809-DB4E-4590-BD8A-17899CD7A2CA}.Release|x64.Build.0 = Release|Any CPU
		{649E4809-DB4E-4590-BD8A-17899CD7A2CA}.Release|x86.ActiveCfg = Release|Any CPU
		{649E4809-DB4E-4590-BD8A-17899CD7A2CA}.Release|x86.Build.0 = Release|Any CPU
	EndGlobalSection
	GlobalSection(SolutionProperties) = preSolution
		HideSolutionNode = FALSE
	EndGlobalSection
	GlobalSection(ExtensibilityGlobals) = postSolution
		SolutionGuid = {FD673A31-4429-40CF-9452-08FA35E1B841}
	EndGlobalSection
EndGlobal
